
Microsoft Visual Studio Solution File, Format Version 12.00
Project("{FAE04EC0-301F-11D3-BF4B-00C04F79EFBC}") = "AdmitadExamplesParser", "AdmitadExamplesParser\AdmitadExamplesParser.csproj", "{C4AE2941-1B5A-4365-A08C-3204E19A5157}"
EndProject
Project("{FAE04EC0-301F-11D3-BF4B-00C04F79EFBC}") = "AdmitadExamplesParserTests", "AdmitadExamplesParserTests\AdmitadExamplesParserTests.csproj", "{00A0C621-35CE-4EB6-B714-4C7BECB946BE}"
EndProject
Project("{FAE04EC0-301F-11D3-BF4B-00C04F79EFBC}") = "AdmitadSqlData", "AdmitadSqlData\AdmitadSqlData.csproj", "{D4746AEC-FC86-4A3B-90F4-EC6F76BA1BB8}"
EndProject
Project("{2150E333-8FDC-42A3-9474-1A3956D46DE8}") = "Tests", "Tests", "{F5B729B6-FA5B-4D39-9539-DB44C9193BB2}"
EndProject
Project("{FAE04EC0-301F-11D3-BF4B-00C04F79EFBC}") = "AdmitadSqlDataTests", "AdmitadSqlDataTests\AdmitadSqlDataTests.csproj", "{26BDF12F-CD9C-49CA-8B21-0B808AB5C301}"
EndProject
Project("{FAE04EC0-301F-11D3-BF4B-00C04F79EFBC}") = "AdmitadCommon", "AdmitadCommon\AdmitadCommon.csproj", "{24109060-3CE9-413F-A2AE-971E66D90A16}"
EndProject
Project("{FAE04EC0-301F-11D3-BF4B-00C04F79EFBC}") = "Admitad.Converters", "Admitad.Converters\Admitad.Converters.csproj", "{791C9526-883E-4CC5-8099-9A199832C71E}"
EndProject
Project("{FAE04EC0-301F-11D3-BF4B-00C04F79EFBC}") = "UtilsTests", "UtilsTests\UtilsTests.csproj", "{187F4F39-DFCC-4D05-8EB4-3A0AC7498E19}"
EndProject
Project("{FAE04EC0-301F-11D3-BF4B-00C04F79EFBC}") = "Messenger", "Messenger\Messenger.csproj", "{6BD2C6E5-EEA9-48F8-9BE0-F04BE3C8E7FE}"
EndProject
Project("{FAE04EC0-301F-11D3-BF4B-00C04F79EFBC}") = "TheStore.Api.Core", "TheStore.Api.Core\TheStore.Api.Core.csproj", "{55BD7501-5E64-4D8A-96DD-4984DA4042C3}"
EndProject
Project("{FAE04EC0-301F-11D3-BF4B-00C04F79EFBC}") = "ApiClient", "ApiClient\ApiClient.csproj", "{1F4FAEDE-4859-442E-8983-ABAA4AF3E060}"
EndProject
Project("{FAE04EC0-301F-11D3-BF4B-00C04F79EFBC}") = "TheStore.Api.Front", "TheStore.Api.Front\TheStore.Api.Front.csproj", "{8811C9C2-1502-4AE7-9CB4-D21E76D8B06D}"
EndProject
Project("{FAE04EC0-301F-11D3-BF4B-00C04F79EFBC}") = "TheStore.Api.Front.Data", "TheStore.Api.Front.Data\TheStore.Api.Front.Data.csproj", "{86128707-6D53-4AEB-B11A-CF825717642C}"
EndProject
Project("{FAE04EC0-301F-11D3-BF4B-00C04F79EFBC}") = "Web.Common", "Web.Common\Web.Common.csproj", "{E4F60DE0-2FD6-4F10-A1C9-A4B334235EF0}"
EndProject
Project("{FAE04EC0-301F-11D3-BF4B-00C04F79EFBC}") = "ServerTool", "ServerTool\ServerTool.csproj", "{4AA5E130-E52B-4E57-8D53-B53B18713233}"
EndProject
Project("{2150E333-8FDC-42A3-9474-1A3956D46DE8}") = "Research", "Research", "{530D4CA8-9D4D-4BF9-8767-747329ECE811}"
EndProject
Project("{FAE04EC0-301F-11D3-BF4B-00C04F79EFBC}") = "ImportFromOld", "ImportFromOld\ImportFromOld.csproj", "{B403C97A-571B-4373-96C1-CF52BCD2937A}"
EndProject
Project("{FAE04EC0-301F-11D3-BF4B-00C04F79EFBC}") = "GetUserAgents", "GetUserAgents\GetUserAgents.csproj", "{CB0E1593-C9BC-46FC-BA70-95D62246F08B}"
EndProject
Project("{FAE04EC0-301F-11D3-BF4B-00C04F79EFBC}") = "Common", "Common\Common.csproj", "{9B5B0336-B4FA-41D1-83BE-E018EE9A9237}"
EndProject
Global
	GlobalSection(SolutionConfigurationPlatforms) = preSolution
		Debug|Any CPU = Debug|Any CPU
		Release|Any CPU = Release|Any CPU
	EndGlobalSection
	GlobalSection(ProjectConfigurationPlatforms) = postSolution
		{C4AE2941-1B5A-4365-A08C-3204E19A5157}.Debug|Any CPU.ActiveCfg = Debug|Any CPU
		{C4AE2941-1B5A-4365-A08C-3204E19A5157}.Debug|Any CPU.Build.0 = Debug|Any CPU
		{C4AE2941-1B5A-4365-A08C-3204E19A5157}.Release|Any CPU.ActiveCfg = Release|Any CPU
		{C4AE2941-1B5A-4365-A08C-3204E19A5157}.Release|Any CPU.Build.0 = Release|Any CPU
		{00A0C621-35CE-4EB6-B714-4C7BECB946BE}.Debug|Any CPU.ActiveCfg = Debug|Any CPU
		{00A0C621-35CE-4EB6-B714-4C7BECB946BE}.Debug|Any CPU.Build.0 = Debug|Any CPU
		{00A0C621-35CE-4EB6-B714-4C7BECB946BE}.Release|Any CPU.ActiveCfg = Release|Any CPU
		{00A0C621-35CE-4EB6-B714-4C7BECB946BE}.Release|Any CPU.Build.0 = Release|Any CPU
		{D4746AEC-FC86-4A3B-90F4-EC6F76BA1BB8}.Debug|Any CPU.ActiveCfg = Debug|Any CPU
		{D4746AEC-FC86-4A3B-90F4-EC6F76BA1BB8}.Debug|Any CPU.Build.0 = Debug|Any CPU
		{D4746AEC-FC86-4A3B-90F4-EC6F76BA1BB8}.Release|Any CPU.ActiveCfg = Release|Any CPU
		{D4746AEC-FC86-4A3B-90F4-EC6F76BA1BB8}.Release|Any CPU.Build.0 = Release|Any CPU
		{26BDF12F-CD9C-49CA-8B21-0B808AB5C301}.Debug|Any CPU.ActiveCfg = Debug|Any CPU
		{26BDF12F-CD9C-49CA-8B21-0B808AB5C301}.Debug|Any CPU.Build.0 = Debug|Any CPU
		{26BDF12F-CD9C-49CA-8B21-0B808AB5C301}.Release|Any CPU.ActiveCfg = Release|Any CPU
		{26BDF12F-CD9C-49CA-8B21-0B808AB5C301}.Release|Any CPU.Build.0 = Release|Any CPU
		{24109060-3CE9-413F-A2AE-971E66D90A16}.Debug|Any CPU.ActiveCfg = Debug|Any CPU
		{24109060-3CE9-413F-A2AE-971E66D90A16}.Debug|Any CPU.Build.0 = Debug|Any CPU
		{24109060-3CE9-413F-A2AE-971E66D90A16}.Release|Any CPU.ActiveCfg = Release|Any CPU
		{24109060-3CE9-413F-A2AE-971E66D90A16}.Release|Any CPU.Build.0 = Release|Any CPU
		{791C9526-883E-4CC5-8099-9A199832C71E}.Debug|Any CPU.ActiveCfg = Debug|Any CPU
		{791C9526-883E-4CC5-8099-9A199832C71E}.Debug|Any CPU.Build.0 = Debug|Any CPU
		{791C9526-883E-4CC5-8099-9A199832C71E}.Release|Any CPU.ActiveCfg = Release|Any CPU
		{791C9526-883E-4CC5-8099-9A199832C71E}.Release|Any CPU.Build.0 = Release|Any CPU
		{187F4F39-DFCC-4D05-8EB4-3A0AC7498E19}.Debug|Any CPU.ActiveCfg = Debug|Any CPU
		{187F4F39-DFCC-4D05-8EB4-3A0AC7498E19}.Debug|Any CPU.Build.0 = Debug|Any CPU
		{187F4F39-DFCC-4D05-8EB4-3A0AC7498E19}.Release|Any CPU.ActiveCfg = Release|Any CPU
		{187F4F39-DFCC-4D05-8EB4-3A0AC7498E19}.Release|Any CPU.Build.0 = Release|Any CPU
		{6BD2C6E5-EEA9-48F8-9BE0-F04BE3C8E7FE}.Debug|Any CPU.ActiveCfg = Debug|Any CPU
		{6BD2C6E5-EEA9-48F8-9BE0-F04BE3C8E7FE}.Debug|Any CPU.Build.0 = Debug|Any CPU
		{6BD2C6E5-EEA9-48F8-9BE0-F04BE3C8E7FE}.Release|Any CPU.ActiveCfg = Release|Any CPU
		{6BD2C6E5-EEA9-48F8-9BE0-F04BE3C8E7FE}.Release|Any CPU.Build.0 = Release|Any CPU
		{55BD7501-5E64-4D8A-96DD-4984DA4042C3}.Debug|Any CPU.ActiveCfg = Debug|Any CPU
		{55BD7501-5E64-4D8A-96DD-4984DA4042C3}.Debug|Any CPU.Build.0 = Debug|Any CPU
		{55BD7501-5E64-4D8A-96DD-4984DA4042C3}.Release|Any CPU.ActiveCfg = Release|Any CPU
		{55BD7501-5E64-4D8A-96DD-4984DA4042C3}.Release|Any CPU.Build.0 = Release|Any CPU
		{1F4FAEDE-4859-442E-8983-ABAA4AF3E060}.Debug|Any CPU.ActiveCfg = Debug|Any CPU
		{1F4FAEDE-4859-442E-8983-ABAA4AF3E060}.Debug|Any CPU.Build.0 = Debug|Any CPU
		{1F4FAEDE-4859-442E-8983-ABAA4AF3E060}.Release|Any CPU.ActiveCfg = Release|Any CPU
		{1F4FAEDE-4859-442E-8983-ABAA4AF3E060}.Release|Any CPU.Build.0 = Release|Any CPU
		{8811C9C2-1502-4AE7-9CB4-D21E76D8B06D}.Debug|Any CPU.ActiveCfg = Debug|Any CPU
		{8811C9C2-1502-4AE7-9CB4-D21E76D8B06D}.Debug|Any CPU.Build.0 = Debug|Any CPU
		{8811C9C2-1502-4AE7-9CB4-D21E76D8B06D}.Release|Any CPU.ActiveCfg = Release|Any CPU
		{8811C9C2-1502-4AE7-9CB4-D21E76D8B06D}.Release|Any CPU.Build.0 = Release|Any CPU
		{86128707-6D53-4AEB-B11A-CF825717642C}.Debug|Any CPU.ActiveCfg = Debug|Any CPU
		{86128707-6D53-4AEB-B11A-CF825717642C}.Debug|Any CPU.Build.0 = Debug|Any CPU
		{86128707-6D53-4AEB-B11A-CF825717642C}.Release|Any CPU.ActiveCfg = Release|Any CPU
		{86128707-6D53-4AEB-B11A-CF825717642C}.Release|Any CPU.Build.0 = Release|Any CPU
		{E4F60DE0-2FD6-4F10-A1C9-A4B334235EF0}.Debug|Any CPU.ActiveCfg = Debug|Any CPU
		{E4F60DE0-2FD6-4F10-A1C9-A4B334235EF0}.Debug|Any CPU.Build.0 = Debug|Any CPU
		{E4F60DE0-2FD6-4F10-A1C9-A4B334235EF0}.Release|Any CPU.ActiveCfg = Release|Any CPU
		{E4F60DE0-2FD6-4F10-A1C9-A4B334235EF0}.Release|Any CPU.Build.0 = Release|Any CPU
		{4AA5E130-E52B-4E57-8D53-B53B18713233}.Debug|Any CPU.ActiveCfg = Debug|Any CPU
		{4AA5E130-E52B-4E57-8D53-B53B18713233}.Debug|Any CPU.Build.0 = Debug|Any CPU
		{4AA5E130-E52B-4E57-8D53-B53B18713233}.Release|Any CPU.ActiveCfg = Release|Any CPU
		{4AA5E130-E52B-4E57-8D53-B53B18713233}.Release|Any CPU.Build.0 = Release|Any CPU
		{B403C97A-571B-4373-96C1-CF52BCD2937A}.Debug|Any CPU.ActiveCfg = Debug|Any CPU
		{B403C97A-571B-4373-96C1-CF52BCD2937A}.Debug|Any CPU.Build.0 = Debug|Any CPU
		{B403C97A-571B-4373-96C1-CF52BCD2937A}.Release|Any CPU.ActiveCfg = Release|Any CPU
		{B403C97A-571B-4373-96C1-CF52BCD2937A}.Release|Any CPU.Build.0 = Release|Any CPU
		{CB0E1593-C9BC-46FC-BA70-95D62246F08B}.Debug|Any CPU.ActiveCfg = Debug|Any CPU
		{CB0E1593-C9BC-46FC-BA70-95D62246F08B}.Debug|Any CPU.Build.0 = Debug|Any CPU
		{CB0E1593-C9BC-46FC-BA70-95D62246F08B}.Release|Any CPU.ActiveCfg = Release|Any CPU
		{CB0E1593-C9BC-46FC-BA70-95D62246F08B}.Release|Any CPU.Build.0 = Release|Any CPU
		{9B5B0336-B4FA-41D1-83BE-E018EE9A9237}.Debug|Any CPU.ActiveCfg = Debug|Any CPU
		{9B5B0336-B4FA-41D1-83BE-E018EE9A9237}.Debug|Any CPU.Build.0 = Debug|Any CPU
		{9B5B0336-B4FA-41D1-83BE-E018EE9A9237}.Release|Any CPU.ActiveCfg = Release|Any CPU
		{9B5B0336-B4FA-41D1-83BE-E018EE9A9237}.Release|Any CPU.Build.0 = Release|Any CPU
	EndGlobalSection
	GlobalSection(NestedProjects) = preSolution
		{00A0C621-35CE-4EB6-B714-4C7BECB946BE} = {F5B729B6-FA5B-4D39-9539-DB44C9193BB2}
		{26BDF12F-CD9C-49CA-8B21-0B808AB5C301} = {F5B729B6-FA5B-4D39-9539-DB44C9193BB2}
		{187F4F39-DFCC-4D05-8EB4-3A0AC7498E19} = {F5B729B6-FA5B-4D39-9539-DB44C9193BB2}
		{B403C97A-571B-4373-96C1-CF52BCD2937A} = {530D4CA8-9D4D-4BF9-8767-747329ECE811}
		{CB0E1593-C9BC-46FC-BA70-95D62246F08B} = {530D4CA8-9D4D-4BF9-8767-747329ECE811}
	EndGlobalSection
EndGlobal
