
Microsoft Visual Studio Solution File, Format Version 12.00
# Visual Studio Version 16
VisualStudioVersion = 16.0.32002.261
MinimumVisualStudioVersion = 10.0.40219.1
Project("{9A19103F-16F7-4668-BE54-9A1E7A4F7556}") = "AdmitadExamplesParserTests", "AdmitadExamplesParserTests\AdmitadExamplesParserTests.csproj", "{00A0C621-35CE-4EB6-B714-4C7BECB946BE}"
EndProject
Project("{9A19103F-16F7-4668-BE54-9A1E7A4F7556}") = "AdmitadSqlData", "AdmitadSqlData\AdmitadSqlData.csproj", "{D4746AEC-FC86-4A3B-90F4-EC6F76BA1BB8}"
EndProject
Project("{2150E333-8FDC-42A3-9474-1A3956D46DE8}") = "Tests", "Tests", "{F5B729B6-FA5B-4D39-9539-DB44C9193BB2}"
EndProject
Project("{9A19103F-16F7-4668-BE54-9A1E7A4F7556}") = "AdmitadSqlDataTests", "AdmitadSqlDataTests\AdmitadSqlDataTests.csproj", "{26BDF12F-CD9C-49CA-8B21-0B808AB5C301}"
EndProject
Project("{9A19103F-16F7-4668-BE54-9A1E7A4F7556}") = "AdmitadCommon", "AdmitadCommon\AdmitadCommon.csproj", "{24109060-3CE9-413F-A2AE-971E66D90A16}"
EndProject
Project("{9A19103F-16F7-4668-BE54-9A1E7A4F7556}") = "Admitad.Converters", "Admitad.Converters\Admitad.Converters.csproj", "{791C9526-883E-4CC5-8099-9A199832C71E}"
EndProject
Project("{9A19103F-16F7-4668-BE54-9A1E7A4F7556}") = "UtilsTests", "UtilsTests\UtilsTests.csproj", "{187F4F39-DFCC-4D05-8EB4-3A0AC7498E19}"
EndProject
Project("{9A19103F-16F7-4668-BE54-9A1E7A4F7556}") = "Messenger", "Messenger\Messenger.csproj", "{6BD2C6E5-EEA9-48F8-9BE0-F04BE3C8E7FE}"
EndProject
Project("{9A19103F-16F7-4668-BE54-9A1E7A4F7556}") = "TheStore.Api.Core", "TheStore.Api.Core\TheStore.Api.Core.csproj", "{55BD7501-5E64-4D8A-96DD-4984DA4042C3}"
EndProject
Project("{9A19103F-16F7-4668-BE54-9A1E7A4F7556}") = "ApiClient", "ApiClient\ApiClient.csproj", "{1F4FAEDE-4859-442E-8983-ABAA4AF3E060}"
EndProject
Project("{9A19103F-16F7-4668-BE54-9A1E7A4F7556}") = "TheStore.Api.Front", "TheStore.Api.Front\TheStore.Api.Front.csproj", "{8811C9C2-1502-4AE7-9CB4-D21E76D8B06D}"
EndProject
Project("{9A19103F-16F7-4668-BE54-9A1E7A4F7556}") = "TheStore.Api.Front.Data", "TheStore.Api.Front.Data\TheStore.Api.Front.Data.csproj", "{86128707-6D53-4AEB-B11A-CF825717642C}"
EndProject
Project("{9A19103F-16F7-4668-BE54-9A1E7A4F7556}") = "Web.Common", "Web.Common\Web.Common.csproj", "{E4F60DE0-2FD6-4F10-A1C9-A4B334235EF0}"
EndProject
Project("{9A19103F-16F7-4668-BE54-9A1E7A4F7556}") = "ServerTool", "ServerTool\ServerTool.csproj", "{4AA5E130-E52B-4E57-8D53-B53B18713233}"
EndProject
Project("{2150E333-8FDC-42A3-9474-1A3956D46DE8}") = "Research", "Research", "{530D4CA8-9D4D-4BF9-8767-747329ECE811}"
EndProject
Project("{9A19103F-16F7-4668-BE54-9A1E7A4F7556}") = "GetUserAgents", "GetUserAgents\GetUserAgents.csproj", "{CB0E1593-C9BC-46FC-BA70-95D62246F08B}"
EndProject
Project("{9A19103F-16F7-4668-BE54-9A1E7A4F7556}") = "Common", "Common\Common.csproj", "{9B5B0336-B4FA-41D1-83BE-E018EE9A9237}"
EndProject
Project("{9A19103F-16F7-4668-BE54-9A1E7A4F7556}") = "Common.Elastic", "Common.Elastic\Common.Elastic.csproj", "{9E3AA0C2-4523-4EF2-97AE-03532AEBC2B9}"
EndProject
Project("{9A19103F-16F7-4668-BE54-9A1E7A4F7556}") = "ShopsParser", "ShopsParser\ShopsParser.csproj", "{3988B890-73F8-46EE-8B2E-7092F2B1F248}"
EndProject
Project("{9A19103F-16F7-4668-BE54-9A1E7A4F7556}") = "WorkWithTags", "WorkWithTags\WorkWithTags.csproj", "{53AD44CA-7079-4F83-8899-59BA5758D71E}"
EndProject
Project("{9A19103F-16F7-4668-BE54-9A1E7A4F7556}") = "RatingCalculator", "RatingCalculator\RatingCalculator.csproj", "{8B8DA6A1-FD3D-479E-BBDC-5E73B3FE33C3}"
EndProject
Project("{9A19103F-16F7-4668-BE54-9A1E7A4F7556}") = "RatingCalculatorTests", "RatingCalculatorTests\RatingCalculatorTests.csproj", "{9E9F6067-460B-40A5-8522-80793CE9F93C}"
EndProject
Project("{FAE04EC0-301F-11D3-BF4B-00C04F79EFBC}") = "CategoryWorks", "CategoryWorks\CategoryWorks.csproj", "{550AAF72-4E09-4A8D-888E-CA3989FCC5A2}"
EndProject
Project("{FAE04EC0-301F-11D3-BF4B-00C04F79EFBC}") = "Common.SqlData", "Common.SqlData\Common.SqlData.csproj", "{D9E0E7C2-20F8-43D3-8527-6849477DA01E}"
EndProject
Project("{FAE04EC0-301F-11D3-BF4B-00C04F79EFBC}") = "AdmitadApiWorker", "AdmitadApiWorker\AdmitadApiWorker.csproj", "{FABDF54D-FF91-4604-9184-758214E37EE9}"
EndProject
Project("{FAE04EC0-301F-11D3-BF4B-00C04F79EFBC}") = "AdmitadApi", "AdmitadApi\AdmitadApi.csproj", "{E3D5AD00-4311-4EE9-A7AF-50977C8B6E4F}"
EndProject
Project("{FAE04EC0-301F-11D3-BF4B-00C04F79EFBC}") = "UrlStatisticsTests", "UrlStatisticsTests\UrlStatisticsTests.csproj", "{B4C206E6-02D5-47AF-B136-914BAF8B2DFB}"
EndProject
Project("{FAE04EC0-301F-11D3-BF4B-00C04F79EFBC}") = "SearchEnginesIndex", "SearchEnginesIndex\SearchEnginesIndex.csproj", "{C327A49A-B0AC-4D83-A940-C33D46EAC119}"
EndProject
Project("{FAE04EC0-301F-11D3-BF4B-00C04F79EFBC}") = "SearchEngineIndexChecking", "SearchEngineIndexChecking\SearchEngineIndexChecking.csproj", "{7444601F-9241-4E1E-A904-8DFCCC3495D4}"
EndProject
Project("{FAE04EC0-301F-11D3-BF4B-00C04F79EFBC}") = "SearchEngineIndexCheckingTests", "SearchEngineIndexCheckingTests\SearchEngineIndexCheckingTests.csproj", "{B015C56E-5956-4B0E-B2A5-6FD67CF312A6}"
EndProject
Project("{FAE04EC0-301F-11D3-BF4B-00C04F79EFBC}") = "CheckIndexTool", "CheckIndexTool\CheckIndexTool.csproj", "{BFC2DAF3-03C2-4EB0-A56A-4A01C29871A9}"
EndProject
Global
	GlobalSection(SolutionConfigurationPlatforms) = preSolution
		Debug|Any CPU = Debug|Any CPU
		Release|Any CPU = Release|Any CPU
	EndGlobalSection
	GlobalSection(ProjectConfigurationPlatforms) = postSolution
		{00A0C621-35CE-4EB6-B714-4C7BECB946BE}.Debug|Any CPU.ActiveCfg = Debug|Any CPU
		{00A0C621-35CE-4EB6-B714-4C7BECB946BE}.Debug|Any CPU.Build.0 = Debug|Any CPU
		{00A0C621-35CE-4EB6-B714-4C7BECB946BE}.Release|Any CPU.ActiveCfg = Release|Any CPU
		{00A0C621-35CE-4EB6-B714-4C7BECB946BE}.Release|Any CPU.Build.0 = Release|Any CPU
		{D4746AEC-FC86-4A3B-90F4-EC6F76BA1BB8}.Debug|Any CPU.ActiveCfg = Debug|Any CPU
		{D4746AEC-FC86-4A3B-90F4-EC6F76BA1BB8}.Debug|Any CPU.Build.0 = Debug|Any CPU
		{D4746AEC-FC86-4A3B-90F4-EC6F76BA1BB8}.Release|Any CPU.ActiveCfg = Release|Any CPU
		{D4746AEC-FC86-4A3B-90F4-EC6F76BA1BB8}.Release|Any CPU.Build.0 = Release|Any CPU
		{26BDF12F-CD9C-49CA-8B21-0B808AB5C301}.Debug|Any CPU.ActiveCfg = Debug|Any CPU
		{26BDF12F-CD9C-49CA-8B21-0B808AB5C301}.Debug|Any CPU.Build.0 = Debug|Any CPU
		{26BDF12F-CD9C-49CA-8B21-0B808AB5C301}.Release|Any CPU.ActiveCfg = Release|Any CPU
		{26BDF12F-CD9C-49CA-8B21-0B808AB5C301}.Release|Any CPU.Build.0 = Release|Any CPU
		{24109060-3CE9-413F-A2AE-971E66D90A16}.Debug|Any CPU.ActiveCfg = Debug|Any CPU
		{24109060-3CE9-413F-A2AE-971E66D90A16}.Debug|Any CPU.Build.0 = Debug|Any CPU
		{24109060-3CE9-413F-A2AE-971E66D90A16}.Release|Any CPU.ActiveCfg = Release|Any CPU
		{24109060-3CE9-413F-A2AE-971E66D90A16}.Release|Any CPU.Build.0 = Release|Any CPU
		{791C9526-883E-4CC5-8099-9A199832C71E}.Debug|Any CPU.ActiveCfg = Debug|Any CPU
		{791C9526-883E-4CC5-8099-9A199832C71E}.Debug|Any CPU.Build.0 = Debug|Any CPU
		{791C9526-883E-4CC5-8099-9A199832C71E}.Release|Any CPU.ActiveCfg = Release|Any CPU
		{791C9526-883E-4CC5-8099-9A199832C71E}.Release|Any CPU.Build.0 = Release|Any CPU
		{187F4F39-DFCC-4D05-8EB4-3A0AC7498E19}.Debug|Any CPU.ActiveCfg = Debug|Any CPU
		{187F4F39-DFCC-4D05-8EB4-3A0AC7498E19}.Debug|Any CPU.Build.0 = Debug|Any CPU
		{187F4F39-DFCC-4D05-8EB4-3A0AC7498E19}.Release|Any CPU.ActiveCfg = Release|Any CPU
		{187F4F39-DFCC-4D05-8EB4-3A0AC7498E19}.Release|Any CPU.Build.0 = Release|Any CPU
		{6BD2C6E5-EEA9-48F8-9BE0-F04BE3C8E7FE}.Debug|Any CPU.ActiveCfg = Debug|Any CPU
		{6BD2C6E5-EEA9-48F8-9BE0-F04BE3C8E7FE}.Debug|Any CPU.Build.0 = Debug|Any CPU
		{6BD2C6E5-EEA9-48F8-9BE0-F04BE3C8E7FE}.Release|Any CPU.ActiveCfg = Release|Any CPU
		{6BD2C6E5-EEA9-48F8-9BE0-F04BE3C8E7FE}.Release|Any CPU.Build.0 = Release|Any CPU
		{55BD7501-5E64-4D8A-96DD-4984DA4042C3}.Debug|Any CPU.ActiveCfg = Debug|Any CPU
		{55BD7501-5E64-4D8A-96DD-4984DA4042C3}.Debug|Any CPU.Build.0 = Debug|Any CPU
		{55BD7501-5E64-4D8A-96DD-4984DA4042C3}.Release|Any CPU.ActiveCfg = Release|Any CPU
		{55BD7501-5E64-4D8A-96DD-4984DA4042C3}.Release|Any CPU.Build.0 = Release|Any CPU
		{1F4FAEDE-4859-442E-8983-ABAA4AF3E060}.Debug|Any CPU.ActiveCfg = Debug|Any CPU
		{1F4FAEDE-4859-442E-8983-ABAA4AF3E060}.Debug|Any CPU.Build.0 = Debug|Any CPU
		{1F4FAEDE-4859-442E-8983-ABAA4AF3E060}.Release|Any CPU.ActiveCfg = Release|Any CPU
		{1F4FAEDE-4859-442E-8983-ABAA4AF3E060}.Release|Any CPU.Build.0 = Release|Any CPU
		{8811C9C2-1502-4AE7-9CB4-D21E76D8B06D}.Debug|Any CPU.ActiveCfg = Debug|Any CPU
		{8811C9C2-1502-4AE7-9CB4-D21E76D8B06D}.Debug|Any CPU.Build.0 = Debug|Any CPU
		{8811C9C2-1502-4AE7-9CB4-D21E76D8B06D}.Release|Any CPU.ActiveCfg = Release|Any CPU
		{8811C9C2-1502-4AE7-9CB4-D21E76D8B06D}.Release|Any CPU.Build.0 = Release|Any CPU
		{86128707-6D53-4AEB-B11A-CF825717642C}.Debug|Any CPU.ActiveCfg = Debug|Any CPU
		{86128707-6D53-4AEB-B11A-CF825717642C}.Debug|Any CPU.Build.0 = Debug|Any CPU
		{86128707-6D53-4AEB-B11A-CF825717642C}.Release|Any CPU.ActiveCfg = Release|Any CPU
		{86128707-6D53-4AEB-B11A-CF825717642C}.Release|Any CPU.Build.0 = Release|Any CPU
		{E4F60DE0-2FD6-4F10-A1C9-A4B334235EF0}.Debug|Any CPU.ActiveCfg = Debug|Any CPU
		{E4F60DE0-2FD6-4F10-A1C9-A4B334235EF0}.Debug|Any CPU.Build.0 = Debug|Any CPU
		{E4F60DE0-2FD6-4F10-A1C9-A4B334235EF0}.Release|Any CPU.ActiveCfg = Release|Any CPU
		{E4F60DE0-2FD6-4F10-A1C9-A4B334235EF0}.Release|Any CPU.Build.0 = Release|Any CPU
		{4AA5E130-E52B-4E57-8D53-B53B18713233}.Debug|Any CPU.ActiveCfg = Debug|Any CPU
		{4AA5E130-E52B-4E57-8D53-B53B18713233}.Debug|Any CPU.Build.0 = Debug|Any CPU
		{4AA5E130-E52B-4E57-8D53-B53B18713233}.Release|Any CPU.ActiveCfg = Release|Any CPU
		{4AA5E130-E52B-4E57-8D53-B53B18713233}.Release|Any CPU.Build.0 = Release|Any CPU
		{CB0E1593-C9BC-46FC-BA70-95D62246F08B}.Debug|Any CPU.ActiveCfg = Debug|Any CPU
		{CB0E1593-C9BC-46FC-BA70-95D62246F08B}.Debug|Any CPU.Build.0 = Debug|Any CPU
		{CB0E1593-C9BC-46FC-BA70-95D62246F08B}.Release|Any CPU.ActiveCfg = Release|Any CPU
		{CB0E1593-C9BC-46FC-BA70-95D62246F08B}.Release|Any CPU.Build.0 = Release|Any CPU
		{9B5B0336-B4FA-41D1-83BE-E018EE9A9237}.Debug|Any CPU.ActiveCfg = Debug|Any CPU
		{9B5B0336-B4FA-41D1-83BE-E018EE9A9237}.Debug|Any CPU.Build.0 = Debug|Any CPU
		{9B5B0336-B4FA-41D1-83BE-E018EE9A9237}.Release|Any CPU.ActiveCfg = Release|Any CPU
		{9B5B0336-B4FA-41D1-83BE-E018EE9A9237}.Release|Any CPU.Build.0 = Release|Any CPU
		{9E3AA0C2-4523-4EF2-97AE-03532AEBC2B9}.Debug|Any CPU.ActiveCfg = Debug|Any CPU
		{9E3AA0C2-4523-4EF2-97AE-03532AEBC2B9}.Debug|Any CPU.Build.0 = Debug|Any CPU
		{9E3AA0C2-4523-4EF2-97AE-03532AEBC2B9}.Release|Any CPU.ActiveCfg = Release|Any CPU
		{9E3AA0C2-4523-4EF2-97AE-03532AEBC2B9}.Release|Any CPU.Build.0 = Release|Any CPU
		{3988B890-73F8-46EE-8B2E-7092F2B1F248}.Debug|Any CPU.ActiveCfg = Debug|Any CPU
		{3988B890-73F8-46EE-8B2E-7092F2B1F248}.Debug|Any CPU.Build.0 = Debug|Any CPU
		{3988B890-73F8-46EE-8B2E-7092F2B1F248}.Release|Any CPU.ActiveCfg = Release|Any CPU
		{3988B890-73F8-46EE-8B2E-7092F2B1F248}.Release|Any CPU.Build.0 = Release|Any CPU
		{53AD44CA-7079-4F83-8899-59BA5758D71E}.Debug|Any CPU.ActiveCfg = Debug|Any CPU
		{53AD44CA-7079-4F83-8899-59BA5758D71E}.Debug|Any CPU.Build.0 = Debug|Any CPU
		{53AD44CA-7079-4F83-8899-59BA5758D71E}.Release|Any CPU.ActiveCfg = Release|Any CPU
		{53AD44CA-7079-4F83-8899-59BA5758D71E}.Release|Any CPU.Build.0 = Release|Any CPU
		{8B8DA6A1-FD3D-479E-BBDC-5E73B3FE33C3}.Debug|Any CPU.ActiveCfg = Debug|Any CPU
		{8B8DA6A1-FD3D-479E-BBDC-5E73B3FE33C3}.Debug|Any CPU.Build.0 = Debug|Any CPU
		{8B8DA6A1-FD3D-479E-BBDC-5E73B3FE33C3}.Release|Any CPU.ActiveCfg = Release|Any CPU
		{8B8DA6A1-FD3D-479E-BBDC-5E73B3FE33C3}.Release|Any CPU.Build.0 = Release|Any CPU
		{9E9F6067-460B-40A5-8522-80793CE9F93C}.Debug|Any CPU.ActiveCfg = Debug|Any CPU
		{9E9F6067-460B-40A5-8522-80793CE9F93C}.Debug|Any CPU.Build.0 = Debug|Any CPU
		{9E9F6067-460B-40A5-8522-80793CE9F93C}.Release|Any CPU.ActiveCfg = Release|Any CPU
		{9E9F6067-460B-40A5-8522-80793CE9F93C}.Release|Any CPU.Build.0 = Release|Any CPU
		{550AAF72-4E09-4A8D-888E-CA3989FCC5A2}.Debug|Any CPU.ActiveCfg = Debug|Any CPU
		{550AAF72-4E09-4A8D-888E-CA3989FCC5A2}.Debug|Any CPU.Build.0 = Debug|Any CPU
		{550AAF72-4E09-4A8D-888E-CA3989FCC5A2}.Release|Any CPU.ActiveCfg = Release|Any CPU
		{550AAF72-4E09-4A8D-888E-CA3989FCC5A2}.Release|Any CPU.Build.0 = Release|Any CPU
		{D9E0E7C2-20F8-43D3-8527-6849477DA01E}.Debug|Any CPU.ActiveCfg = Debug|Any CPU
		{D9E0E7C2-20F8-43D3-8527-6849477DA01E}.Debug|Any CPU.Build.0 = Debug|Any CPU
		{D9E0E7C2-20F8-43D3-8527-6849477DA01E}.Release|Any CPU.ActiveCfg = Release|Any CPU
		{D9E0E7C2-20F8-43D3-8527-6849477DA01E}.Release|Any CPU.Build.0 = Release|Any CPU
		{FABDF54D-FF91-4604-9184-758214E37EE9}.Debug|Any CPU.ActiveCfg = Debug|Any CPU
		{FABDF54D-FF91-4604-9184-758214E37EE9}.Debug|Any CPU.Build.0 = Debug|Any CPU
		{FABDF54D-FF91-4604-9184-758214E37EE9}.Release|Any CPU.ActiveCfg = Release|Any CPU
		{FABDF54D-FF91-4604-9184-758214E37EE9}.Release|Any CPU.Build.0 = Release|Any CPU
		{E3D5AD00-4311-4EE9-A7AF-50977C8B6E4F}.Debug|Any CPU.ActiveCfg = Debug|Any CPU
		{E3D5AD00-4311-4EE9-A7AF-50977C8B6E4F}.Debug|Any CPU.Build.0 = Debug|Any CPU
		{E3D5AD00-4311-4EE9-A7AF-50977C8B6E4F}.Release|Any CPU.ActiveCfg = Release|Any CPU
		{E3D5AD00-4311-4EE9-A7AF-50977C8B6E4F}.Release|Any CPU.Build.0 = Release|Any CPU
		{B4C206E6-02D5-47AF-B136-914BAF8B2DFB}.Debug|Any CPU.ActiveCfg = Debug|Any CPU
		{B4C206E6-02D5-47AF-B136-914BAF8B2DFB}.Debug|Any CPU.Build.0 = Debug|Any CPU
		{B4C206E6-02D5-47AF-B136-914BAF8B2DFB}.Release|Any CPU.ActiveCfg = Release|Any CPU
		{B4C206E6-02D5-47AF-B136-914BAF8B2DFB}.Release|Any CPU.Build.0 = Release|Any CPU
		{C327A49A-B0AC-4D83-A940-C33D46EAC119}.Debug|Any CPU.ActiveCfg = Debug|Any CPU
		{C327A49A-B0AC-4D83-A940-C33D46EAC119}.Debug|Any CPU.Build.0 = Debug|Any CPU
		{C327A49A-B0AC-4D83-A940-C33D46EAC119}.Release|Any CPU.ActiveCfg = Release|Any CPU
		{C327A49A-B0AC-4D83-A940-C33D46EAC119}.Release|Any CPU.Build.0 = Release|Any CPU
		{7444601F-9241-4E1E-A904-8DFCCC3495D4}.Debug|Any CPU.ActiveCfg = Debug|Any CPU
		{7444601F-9241-4E1E-A904-8DFCCC3495D4}.Debug|Any CPU.Build.0 = Debug|Any CPU
		{7444601F-9241-4E1E-A904-8DFCCC3495D4}.Release|Any CPU.ActiveCfg = Release|Any CPU
		{7444601F-9241-4E1E-A904-8DFCCC3495D4}.Release|Any CPU.Build.0 = Release|Any CPU
		{B015C56E-5956-4B0E-B2A5-6FD67CF312A6}.Debug|Any CPU.ActiveCfg = Debug|Any CPU
		{B015C56E-5956-4B0E-B2A5-6FD67CF312A6}.Debug|Any CPU.Build.0 = Debug|Any CPU
		{B015C56E-5956-4B0E-B2A5-6FD67CF312A6}.Release|Any CPU.ActiveCfg = Release|Any CPU
		{B015C56E-5956-4B0E-B2A5-6FD67CF312A6}.Release|Any CPU.Build.0 = Release|Any CPU
		{BFC2DAF3-03C2-4EB0-A56A-4A01C29871A9}.Debug|Any CPU.ActiveCfg = Debug|Any CPU
		{BFC2DAF3-03C2-4EB0-A56A-4A01C29871A9}.Debug|Any CPU.Build.0 = Debug|Any CPU
		{BFC2DAF3-03C2-4EB0-A56A-4A01C29871A9}.Release|Any CPU.ActiveCfg = Release|Any CPU
		{BFC2DAF3-03C2-4EB0-A56A-4A01C29871A9}.Release|Any CPU.Build.0 = Release|Any CPU
	EndGlobalSection
	GlobalSection(SolutionProperties) = preSolution
		HideSolutionNode = FALSE
	EndGlobalSection
	GlobalSection(NestedProjects) = preSolution
		{00A0C621-35CE-4EB6-B714-4C7BECB946BE} = {F5B729B6-FA5B-4D39-9539-DB44C9193BB2}
		{26BDF12F-CD9C-49CA-8B21-0B808AB5C301} = {F5B729B6-FA5B-4D39-9539-DB44C9193BB2}
		{187F4F39-DFCC-4D05-8EB4-3A0AC7498E19} = {F5B729B6-FA5B-4D39-9539-DB44C9193BB2}
		{CB0E1593-C9BC-46FC-BA70-95D62246F08B} = {530D4CA8-9D4D-4BF9-8767-747329ECE811}
		{3988B890-73F8-46EE-8B2E-7092F2B1F248} = {530D4CA8-9D4D-4BF9-8767-747329ECE811}
		{53AD44CA-7079-4F83-8899-59BA5758D71E} = {530D4CA8-9D4D-4BF9-8767-747329ECE811}
		{9E9F6067-460B-40A5-8522-80793CE9F93C} = {F5B729B6-FA5B-4D39-9539-DB44C9193BB2}
		{550AAF72-4E09-4A8D-888E-CA3989FCC5A2} = {530D4CA8-9D4D-4BF9-8767-747329ECE811}
		{FABDF54D-FF91-4604-9184-758214E37EE9} = {530D4CA8-9D4D-4BF9-8767-747329ECE811}
		{B4C206E6-02D5-47AF-B136-914BAF8B2DFB} = {F5B729B6-FA5B-4D39-9539-DB44C9193BB2}
		{C327A49A-B0AC-4D83-A940-C33D46EAC119} = {530D4CA8-9D4D-4BF9-8767-747329ECE811}
		{B015C56E-5956-4B0E-B2A5-6FD67CF312A6} = {F5B729B6-FA5B-4D39-9539-DB44C9193BB2}
	EndGlobalSection
	GlobalSection(ExtensibilityGlobals) = postSolution
		SolutionGuid = {8E50CC2E-5D0C-4FF6-87BB-C0FE9D935B9F}
	EndGlobalSection
EndGlobal
